
Microsoft Visual Studio Solution File, Format Version 12.00
# Visual Studio 15
VisualStudioVersion = 15.0.27703.2042
MinimumVisualStudioVersion = 10.0.40219.1
Project("{FAE04EC0-301F-11D3-BF4B-00C04F79EFBC}") = "WCF_Calculator", "WCF_Calculator\WCF_Calculator.csproj", "{06B1A49A-856D-4046-AFA1-D281CC60CE43}"
EndProject
Project("{FAE04EC0-301F-11D3-BF4B-00C04F79EFBC}") = "Calculadora", "Calculadora\Calculadora.csproj", "{05D635A3-B0F1-41D9-9D00-9B052C30276E}"
	ProjectSection(ProjectDependencies) = postProject
		{06B1A49A-856D-4046-AFA1-D281CC60CE43} = {06B1A49A-856D-4046-AFA1-D281CC60CE43}
	EndProjectSection
EndProject
Project("{FAE04EC0-301F-11D3-BF4B-00C04F79EFBC}") = "ClienteCalculadoraASPNET", "ClienteCalculadoraASPNET\ClienteCalculadoraASPNET.csproj", "{4E2E47D9-5DD0-46F3-8165-58889447DE53}"
	ProjectSection(ProjectDependencies) = postProject
		{06B1A49A-856D-4046-AFA1-D281CC60CE43} = {06B1A49A-856D-4046-AFA1-D281CC60CE43}
	EndProjectSection
EndProject
Global
	GlobalSection(SolutionConfigurationPlatforms) = preSolution
		Debug|Any CPU = Debug|Any CPU
		Release|Any CPU = Release|Any CPU
	EndGlobalSection
	GlobalSection(ProjectConfigurationPlatforms) = postSolution
		{06B1A49A-856D-4046-AFA1-D281CC60CE43}.Debug|Any CPU.ActiveCfg = Debug|Any CPU
		{06B1A49A-856D-4046-AFA1-D281CC60CE43}.Debug|Any CPU.Build.0 = Debug|Any CPU
		{06B1A49A-856D-4046-AFA1-D281CC60CE43}.Release|Any CPU.ActiveCfg = Release|Any CPU
		{06B1A49A-856D-4046-AFA1-D281CC60CE43}.Release|Any CPU.Build.0 = Release|Any CPU
		{05D635A3-B0F1-41D9-9D00-9B052C30276E}.Debug|Any CPU.ActiveCfg = Debug|Any CPU
		{05D635A3-B0F1-41D9-9D00-9B052C30276E}.Debug|Any CPU.Build.0 = Debug|Any CPU
		{05D635A3-B0F1-41D9-9D00-9B052C30276E}.Release|Any CPU.ActiveCfg = Release|Any CPU
		{05D635A3-B0F1-41D9-9D00-9B052C30276E}.Release|Any CPU.Build.0 = Release|Any CPU
		{4E2E47D9-5DD0-46F3-8165-58889447DE53}.Debug|Any CPU.ActiveCfg = Debug|Any CPU
		{4E2E47D9-5DD0-46F3-8165-58889447DE53}.Debug|Any CPU.Build.0 = Debug|Any CPU
		{4E2E47D9-5DD0-46F3-8165-58889447DE53}.Release|Any CPU.ActiveCfg = Release|Any CPU
		{4E2E47D9-5DD0-46F3-8165-58889447DE53}.Release|Any CPU.Build.0 = Release|Any CPU
	EndGlobalSection
	GlobalSection(SolutionProperties) = preSolution
		HideSolutionNode = FALSE
	EndGlobalSection
	GlobalSection(ExtensibilityGlobals) = postSolution
		SolutionGuid = {97CC56E6-4425-4A6F-AB1B-D6F1205A90D7}
	EndGlobalSection
EndGlobal
